{
  "version": 4,
  "terraform_version": "1.12.0",
  "serial": 24,
  "lineage": "0ea5029d-316d-7b10-df06-8bb2b1074508",
  "outputs": {
    "app_url": {
      "value": "https://urlshortenerapp12345.azurewebsites.net",
      "type": "string"
    }
  },
  "resources": [
    {
      "mode": "managed",
      "type": "azurerm_linux_web_app",
      "name": "main",
      "provider": "provider[\"registry.terraform.io/hashicorp/azurerm\"]",
      "instances": [
        {
          "schema_version": 1,
          "attributes": {
            "app_settings": {
              "FLASK_APP": "app.py",
              "FLASK_ENV": "production",
              "WEBSITES_PORT": "8080"
            },
            "auth_settings": [],
            "auth_settings_v2": [],
            "backup": [],
            "client_affinity_enabled": false,
            "client_certificate_enabled": false,
            "client_certificate_exclusion_paths": "",
            "client_certificate_mode": "Required",
            "connection_string": [],
            "custom_domain_verification_id": "136CBBB956A23372AB566D8A5EC30DA2B26C507498A9A61122BD273B17205B37",
            "default_hostname": "urlshortenerapp12345.azurewebsites.net",
            "enabled": true,
            "ftp_publish_basic_authentication_enabled": true,
            "hosting_environment_id": "",
            "https_only": false,
            "id": "/subscriptions/3c383a95-217e-4789-833b-07de7572cffd/resourceGroups/rg-url-shortener/providers/Microsoft.Web/sites/urlshortenerapp12345",
            "identity": [],
            "key_vault_reference_identity_id": "SystemAssigned",
            "kind": "app,linux,container",
            "location": "centralus",
            "logs": [
              {
                "application_logs": [],
                "detailed_error_messages": false,
                "failed_request_tracing": false,
                "http_logs": [
                  {
                    "azure_blob_storage": [],
                    "file_system": [
                      {
                        "retention_in_days": 7,
                        "retention_in_mb": 100
                      }
                    ]
                  }
                ]
              }
            ],
            "name": "urlshortenerapp12345",
            "outbound_ip_address_list": [
              "13.86.62.220",
              "13.86.62.224",
              "13.86.62.234",
              "13.86.63.92",
              "13.86.63.124",
              "13.86.63.190",
              "20.40.202.2"
            ],
            "outbound_ip_addresses": "13.86.62.220,13.86.62.224,13.86.62.234,13.86.63.92,13.86.63.124,13.86.63.190,20.40.202.2",
            "possible_outbound_ip_address_list": [
              "13.86.62.220",
              "13.86.62.224",
              "13.86.62.234",
              "13.86.63.92",
              "13.86.63.124",
              "13.86.63.190",
              "13.89.112.174",
              "13.89.113.247",
              "13.89.115.189",
              "13.89.115.253",
              "13.89.116.25",
              "13.89.116.109",
              "13.86.38.212",
              "13.86.39.43",
              "13.89.105.11",
              "52.143.247.236",
              "52.143.247.253",
              "52.154.168.165",
              "52.141.217.144",
              "52.141.217.151",
              "52.141.217.163",
              "52.141.217.248",
              "52.141.219.48",
              "52.141.219.233",
              "20.40.202.2"
            ],
            "possible_outbound_ip_addresses": "13.86.62.220,13.86.62.224,13.86.62.234,13.86.63.92,13.86.63.124,13.86.63.190,13.89.112.174,13.89.113.247,13.89.115.189,13.89.115.253,13.89.116.25,13.89.116.109,13.86.38.212,13.86.39.43,13.89.105.11,52.143.247.236,52.143.247.253,52.154.168.165,52.141.217.144,52.141.217.151,52.141.217.163,52.141.217.248,52.141.219.48,52.141.219.233,20.40.202.2",
            "public_network_access_enabled": true,
            "resource_group_name": "rg-url-shortener",
            "service_plan_id": "/subscriptions/3c383a95-217e-4789-833b-07de7572cffd/resourceGroups/rg-url-shortener/providers/Microsoft.Web/serverFarms/asp-url-shortener",
            "site_config": [
              {
                "always_on": true,
                "api_definition_url": "",
                "api_management_api_id": "",
                "app_command_line": "",
                "application_stack": [
                  {
                    "docker_image": "",
                    "docker_image_name": "xamuel09/url-shortener:latest",
                    "docker_image_tag": "",
                    "docker_registry_password": "",
                    "docker_registry_url": "https://index.docker.io",
                    "docker_registry_username": "",
                    "dotnet_version": "",
                    "go_version": "",
                    "java_server": "",
                    "java_server_version": "",
                    "java_version": "",
                    "node_version": "",
                    "php_version": "",
                    "python_version": "",
                    "ruby_version": ""
                  }
                ],
                "auto_heal_enabled": false,
                "auto_heal_setting": [],
                "container_registry_managed_identity_client_id": "",
                "container_registry_use_managed_identity": false,
                "cors": [],
                "default_documents": [
                  "Default.htm",
                  "Default.html",
                  "Default.asp",
                  "index.htm",
                  "index.html",
                  "iisstart.htm",
                  "default.aspx",
                  "index.php",
                  "hostingstart.html"
                ],
                "detailed_error_logging_enabled": false,
                "ftps_state": "Disabled",
                "health_check_eviction_time_in_min": 0,
                "health_check_path": "/",
                "http2_enabled": false,
                "ip_restriction": [],
                "ip_restriction_default_action": "Allow",
                "linux_fx_version": "DOCKER|index.docker.io/xamuel09/url-shortener:latest",
                "load_balancing_mode": "LeastRequests",
                "local_mysql_enabled": false,
                "managed_pipeline_mode": "Integrated",
                "minimum_tls_version": "1.2",
                "remote_debugging_enabled": false,
                "remote_debugging_version": "VS2022",
                "scm_ip_restriction": [],
                "scm_ip_restriction_default_action": "Allow",
                "scm_minimum_tls_version": "1.2",
                "scm_type": "None",
                "scm_use_main_ip_restriction": false,
                "use_32_bit_worker": true,
                "vnet_route_all_enabled": false,
                "websockets_enabled": false,
                "worker_count": 1
              }
            ],
            "site_credential": [
              {
                "name": "$urlshortenerapp12345",
                "password": "1RDSSer8Nf3SujKEXQ00A3dG7q4sZzh9q3f0sroccFyrZ8fkDyQJPJCvJHbw"
              }
            ],
            "sticky_settings": [],
            "storage_account": [],
            "tags": null,
            "timeouts": null,
            "virtual_network_subnet_id": "",
            "webdeploy_publish_basic_authentication_enabled": true,
            "zip_deploy_file": ""
          },
          "sensitive_attributes": [
            [
              {
                "type": "get_attr",
                "value": "custom_domain_verification_id"
              }
            ],
            [
              {
                "type": "get_attr",
                "value": "site_config"
              },
              {
                "type": "index",
                "value": {
                  "value": 0,
                  "type": "number"
                }
              },
              {
                "type": "get_attr",
                "value": "application_stack"
              },
              {
                "type": "index",
                "value": {
                  "value": 0,
                  "type": "number"
                }
              },
              {
                "type": "get_attr",
                "value": "docker_registry_password"
              }
            ],
            [
              {
                "type": "get_attr",
                "value": "site_credential"
              }
            ]
          ],
          "identity_schema_version": 0,
          "private": "eyJlMmJmYjczMC1lY2FhLTExZTYtOGY4OC0zNDM2M2JjN2M0YzAiOnsiY3JlYXRlIjoxODAwMDAwMDAwMDAwLCJkZWxldGUiOjE4MDAwMDAwMDAwMDAsInJlYWQiOjMwMDAwMDAwMDAwMCwidXBkYXRlIjoxODAwMDAwMDAwMDAwfSwic2NoZW1hX3ZlcnNpb24iOiIxIn0=",
          "dependencies": [
            "azurerm_resource_group.main",
            "azurerm_service_plan.main"
          ]
        }
      ]
    },
    {
      "mode": "managed",
      "type": "azurerm_resource_group",
      "name": "main",
      "provider": "provider[\"registry.terraform.io/hashicorp/azurerm\"]",
      "instances": [
        {
          "schema_version": 0,
          "attributes": {
            "id": "/subscriptions/3c383a95-217e-4789-833b-07de7572cffd/resourceGroups/rg-url-shortener",
            "location": "centralus",
            "managed_by": "",
            "name": "rg-url-shortener",
            "tags": null,
            "timeouts": null
          },
          "sensitive_attributes": [],
          "identity_schema_version": 0,
          "private": "eyJlMmJmYjczMC1lY2FhLTExZTYtOGY4OC0zNDM2M2JjN2M0YzAiOnsiY3JlYXRlIjo1NDAwMDAwMDAwMDAwLCJkZWxldGUiOjU0MDAwMDAwMDAwMDAsInJlYWQiOjMwMDAwMDAwMDAwMCwidXBkYXRlIjo1NDAwMDAwMDAwMDAwfX0="
        }
      ]
    },
    {
      "mode": "managed",
      "type": "azurerm_service_plan",
      "name": "main",
      "provider": "provider[\"registry.terraform.io/hashicorp/azurerm\"]",
      "instances": [
        {
          "schema_version": 1,
          "attributes": {
            "app_service_environment_id": "",
            "id": "/subscriptions/3c383a95-217e-4789-833b-07de7572cffd/resourceGroups/rg-url-shortener/providers/Microsoft.Web/serverFarms/asp-url-shortener",
            "kind": "linux",
            "location": "centralus",
            "maximum_elastic_worker_count": 1,
            "name": "asp-url-shortener",
            "os_type": "Linux",
            "per_site_scaling_enabled": false,
            "reserved": true,
            "resource_group_name": "rg-url-shortener",
            "sku_name": "S1",
            "tags": null,
            "timeouts": null,
            "worker_count": 1,
            "zone_balancing_enabled": false
          },
          "sensitive_attributes": [],
          "identity_schema_version": 0,
          "private": "eyJlMmJmYjczMC1lY2FhLTExZTYtOGY4OC0zNDM2M2JjN2M0YzAiOnsiY3JlYXRlIjozNjAwMDAwMDAwMDAwLCJkZWxldGUiOjM2MDAwMDAwMDAwMDAsInJlYWQiOjMwMDAwMDAwMDAwMCwidXBkYXRlIjozNjAwMDAwMDAwMDAwfSwic2NoZW1hX3ZlcnNpb24iOiIxIn0=",
          "dependencies": [
            "azurerm_resource_group.main"
          ]
        }
      ]
    }
  ],
  "check_results": null
}
